{
  "name": "elearning",
  "lockfileVersion": 3,
  "requires": true,
  "packages": {
    "": {
      "dependencies": {
        "@daily-co/daily-js": "^0.73.0"
      }
    },
    "node_modules/@babel/runtime": {
      "version": "7.26.0",
      "resolved": "https://registry.npmjs.org/@babel/runtime/-/runtime-7.26.0.tgz",
      "integrity": "sha512-FDSOghenHTiToteC/QRlv2q3DhPZ/oOXTBoirfWNx1Cx3TMVcGWQtMMmQcSvb/JjpNeGzx8Pq/b4fKEJuWm1sw==",
      "license": "MIT",
      "dependencies": {
        "regenerator-runtime": "^0.14.0"
      },
      "engines": {
        "node": ">=6.9.0"
      }
    },
    "node_modules/@daily-co/daily-js": {
      "version": "0.73.0",
      "resolved": "https://registry.npmjs.org/@daily-co/daily-js/-/daily-js-0.73.0.tgz",
      "integrity": "sha512-Wz8c60hgmkx8fcEeDAi4L4J0rbafiihWKyXFyhYoFYPsw2OdChHpA4RYwIB+1enRws5IK+/HdmzFDYLQsB4A6w==",
      "license": "BSD-2-Clause",
      "dependencies": {
        "@babel/runtime": "^7.12.5",
        "@sentry/browser": "^8.33.1",
        "bowser": "^2.8.1",
        "dequal": "^2.0.3",
        "events": "^3.1.0"
      },
      "engines": {
        "node": ">=10.0.0"
      }
    },
    "node_modules/@sentry-internal/browser-utils": {
      "version": "8.37.1",
      "resolved": "https://registry.npmjs.org/@sentry-internal/browser-utils/-/browser-utils-8.37.1.tgz",
      "integrity": "sha512-OSR/V5GCsSCG7iapWtXCT/y22uo3HlawdEgfM1NIKk1mkP15UyGQtGEzZDdih2H+SNuX1mp9jQLTjr5FFp1A5w==",
      "license": "MIT",
      "dependencies": {
        "@sentry/core": "8.37.1",
        "@sentry/types": "8.37.1",
        "@sentry/utils": "8.37.1"
      },
      "engines": {
        "node": ">=14.18"
      }
    },
    "node_modules/@sentry-internal/feedback": {
      "version": "8.37.1",
      "resolved": "https://registry.npmjs.org/@sentry-internal/feedback/-/feedback-8.37.1.tgz",
      "integrity": "sha512-Se25NXbSapgS2S+JssR5YZ48b3OY4UGmAuBOafgnMW91LXMxRNWRbehZuNUmjjHwuywABMxjgu+Yp5uJDATX+g==",
      "license": "MIT",
      "dependencies": {
        "@sentry/core": "8.37.1",
        "@sentry/types": "8.37.1",
        "@sentry/utils": "8.37.1"
      },
      "engines": {
        "node": ">=14.18"
      }
    },
    "node_modules/@sentry-internal/replay": {
      "version": "8.37.1",
      "resolved": "https://registry.npmjs.org/@sentry-internal/replay/-/replay-8.37.1.tgz",
      "integrity": "sha512-E/Plhisk/pXJjOdOU12sg8m/APTXTA21iEniidP6jW3/+O0tD/H/UovEqa4odNTqxPMa798xHQSQNt5loYiaLA==",
      "license": "MIT",
      "dependencies": {
        "@sentry-internal/browser-utils": "8.37.1",
        "@sentry/core": "8.37.1",
        "@sentry/types": "8.37.1",
        "@sentry/utils": "8.37.1"
      },
      "engines": {
        "node": ">=14.18"
      }
    },
    "node_modules/@sentry-internal/replay-canvas": {
      "version": "8.37.1",
      "resolved": "https://registry.npmjs.org/@sentry-internal/replay-canvas/-/replay-canvas-8.37.1.tgz",
      "integrity": "sha512-1JLAaPtn1VL5vblB0BMELFV0D+KUm/iMGsrl4/JpRm0Ws5ESzQl33DhXVv1IX/ZAbx9i14EjR7MG9+Hj70tieQ==",
      "license": "MIT",
      "dependencies": {
        "@sentry-internal/replay": "8.37.1",
        "@sentry/core": "8.37.1",
        "@sentry/types": "8.37.1",
        "@sentry/utils": "8.37.1"
      },
      "engines": {
        "node": ">=14.18"
      }
    },
    "node_modules/@sentry/browser": {
      "version": "8.37.1",
      "resolved": "https://registry.npmjs.org/@sentry/browser/-/browser-8.37.1.tgz",
      "integrity": "sha512-5ym+iGiIpjIKKpMWi9S3/tXh9xneS+jqxwRTJqed3cb8i4ydfMAAP8sM3U8xMCWWABpWyIUW+fpewC0tkhE1aQ==",
      "license": "MIT",
      "dependencies": {
        "@sentry-internal/browser-utils": "8.37.1",
        "@sentry-internal/feedback": "8.37.1",
        "@sentry-internal/replay": "8.37.1",
        "@sentry-internal/replay-canvas": "8.37.1",
        "@sentry/core": "8.37.1",
        "@sentry/types": "8.37.1",
        "@sentry/utils": "8.37.1"
      },
      "engines": {
        "node": ">=14.18"
      }
    },
    "node_modules/@sentry/core": {
      "version": "8.37.1",
      "resolved": "https://registry.npmjs.org/@sentry/core/-/core-8.37.1.tgz",
      "integrity": "sha512-82csXby589iDupM3VgCHJeWZagUyEEaDnbFcoZ/Z91QX2Sjq8FcF5OsforoXjw09i0XTFqlkFAnQVpDBmMXcpQ==",
      "license": "MIT",
      "dependencies": {
        "@sentry/types": "8.37.1",
        "@sentry/utils": "8.37.1"
      },
      "engines": {
        "node": ">=14.18"
      }
    },
    "node_modules/@sentry/types": {
      "version": "8.37.1",
      "resolved": "https://registry.npmjs.org/@sentry/types/-/types-8.37.1.tgz",
      "integrity": "sha512-ryMOTROLSLINKFEbHWvi7GigNrsQhsaScw2NddybJGztJQ5UhxIGESnxGxWCufBmWFDwd7+5u0jDPCVUJybp7w==",
      "license": "MIT",
      "engines": {
        "node": ">=14.18"
      }
    },
    "node_modules/@sentry/utils": {
      "version": "8.37.1",
      "resolved": "https://registry.npmjs.org/@sentry/utils/-/utils-8.37.1.tgz",
      "integrity": "sha512-Qtn2IfpII12K17txG/ZtTci35XYjYi4CxbQ3j7nXY7toGv/+MqPXwV5q2i9g94XaSXlE5Wy9/hoCZoZpZs/djA==",
      "license": "MIT",
      "dependencies": {
        "@sentry/types": "8.37.1"
      },
      "engines": {
        "node": ">=14.18"
      }
    },
    "node_modules/bowser": {
      "version": "2.11.0",
      "resolved": "https://registry.npmjs.org/bowser/-/bowser-2.11.0.tgz",
      "integrity": "sha512-AlcaJBi/pqqJBIQ8U9Mcpc9i8Aqxn88Skv5d+xBX006BY5u8N3mGLHa5Lgppa7L/HfwgwLgZ6NYs+Ag6uUmJRA==",
      "license": "MIT"
    },
    "node_modules/dequal": {
      "version": "2.0.3",
      "resolved": "https://registry.npmjs.org/dequal/-/dequal-2.0.3.tgz",
      "integrity": "sha512-0je+qPKHEMohvfRTCEo3CrPG6cAzAYgmzKyxRiYSSDkS6eGJdyVJm7WaYA5ECaAD9wLB2T4EEeymA5aFVcYXCA==",
      "license": "MIT",
      "engines": {
        "node": ">=6"
      }
    },
    "node_modules/events": {
      "version": "3.3.0",
      "resolved": "https://registry.npmjs.org/events/-/events-3.3.0.tgz",
      "integrity": "sha512-mQw+2fkQbALzQ7V0MY0IqdnXNOeTtP4r0lN9z7AAawCXgqea7bDii20AYrIBrFd/Hx0M2Ocz6S111CaFkUcb0Q==",
      "license": "MIT",
      "engines": {
        "node": ">=0.8.x"
      }
    },
    "node_modules/regenerator-runtime": {
      "version": "0.14.1",
      "resolved": "https://registry.npmjs.org/regenerator-runtime/-/regenerator-runtime-0.14.1.tgz",
      "integrity": "sha512-dYnhHh0nJoMfnkZs6GmmhFknAGRrLznOu5nc9ML+EJxGvrx6H7teuevqVqCuPcPK//3eDrrjQhehXVx9cnkGdw==",
      "license": "MIT"
    }
  }
}
